
Microsoft Visual Studio Solution File, Format Version 12.00
# Visual Studio 15
VisualStudioVersion = 15.0.26228.9
MinimumVisualStudioVersion = 10.0.40219.1
Project("{2150E333-8FDC-42A3-9474-1A3956D46DE8}") = "Internal", "Internal", "{9D2B4266-23E0-4951-9C48-563572FDAF0B}"
EndProject
Project("{2150E333-8FDC-42A3-9474-1A3956D46DE8}") = "Scripts", "Scripts", "{8FBB4D0E-8E1E-402B-B6D7-7B416521AD33}"
EndProject
Project("{2150E333-8FDC-42A3-9474-1A3956D46DE8}") = "Dlls", "Dlls", "{C2141FCE-0C1B-4A5F-85D6-A8B035A21408}"
	ProjectSection(SolutionItems) = preProject
		Dlls\readme.txt = Dlls\readme.txt
	EndProjectSection
EndProject
Project("{2150E333-8FDC-42A3-9474-1A3956D46DE8}") = "Documentation", "Documentation", "{05E421CD-9091-47FC-8F6B-D0A7D8DD6991}"
	ProjectSection(SolutionItems) = preProject
		Documentation\readme.txt = Documentation\readme.txt
	EndProjectSection
EndProject
Project("{2150E333-8FDC-42A3-9474-1A3956D46DE8}") = "Code Analysis", "Code Analysis", "{151A3369-417B-483B-9505-706730DE2967}"
	ProjectSection(SolutionItems) = preProject
		Internal\Code Analysis\SonarLint-QuickActions-Active.ruleset = Internal\Code Analysis\SonarLint-QuickActions-Active.ruleset
		Internal\Code Analysis\SonarLint-QuickActions-Inactive.ruleset = Internal\Code Analysis\SonarLint-QuickActions-Inactive.ruleset
	EndProjectSection
EndProject
Project("{FAE04EC0-301F-11D3-BF4B-00C04F79EFBC}") = "AutomationScript_ClassLibrary", "AutomationScript_ClassLibrary\AutomationScript_ClassLibrary.csproj", "{593BC7D6-9691-4611-8F95-3D11E625E658}"
EndProject
Global
	GlobalSection(SolutionConfigurationPlatforms) = preSolution
		Debug|Any CPU = Debug|Any CPU
		Release|Any CPU = Release|Any CPU
	EndGlobalSection
	GlobalSection(ProjectConfigurationPlatforms) = postSolution
		{593BC7D6-9691-4611-8F95-3D11E625E658}.Debug|Any CPU.ActiveCfg = Debug|Any CPU
		{593BC7D6-9691-4611-8F95-3D11E625E658}.Debug|Any CPU.Build.0 = Debug|Any CPU
		{593BC7D6-9691-4611-8F95-3D11E625E658}.Release|Any CPU.ActiveCfg = Release|Any CPU
		{593BC7D6-9691-4611-8F95-3D11E625E658}.Release|Any CPU.Build.0 = Release|Any CPU
	EndGlobalSection
	GlobalSection(SolutionProperties) = preSolution
		HideSolutionNode = FALSE
	EndGlobalSection
	GlobalSection(NestedProjects) = preSolution
		{151A3369-417B-483B-9505-706730DE2967} = {9D2B4266-23E0-4951-9C48-563572FDAF0B}
		{593BC7D6-9691-4611-8F95-3D11E625E658} = {9D2B4266-23E0-4951-9C48-563572FDAF0B}
	EndGlobalSection
EndGlobal
